Microsoft Visual Studio Solution File, Format Version 12.00
# Visual Studio 2012
<<<<<<< HEAD
Project("{FAE04EC0-301F-11D3-BF4B-00C04F79EFBC}") = "What Goes Up", "What Goes Up.csproj", "{B6989D12-9A35-4AD7-81D6-924906316776}"
=======
Project("{FAE04EC0-301F-11D3-BF4B-00C04F79EFBC}") = "What Goes Up", "What Goes Up.csproj", "{A84ACDF2-B5FA-46CA-AF52-196001DDE760}"
>>>>>>> acb5a5e7049c742979fc5a9a9a5997f82959c749
EndProject
Global
	GlobalSection(SolutionConfigurationPlatforms) = preSolution
	Debug|Any CPU = Debug|Any CPU
	ExportDebug|Any CPU = ExportDebug|Any CPU
	ExportRelease|Any CPU = ExportRelease|Any CPU
	EndGlobalSection
	GlobalSection(ProjectConfigurationPlatforms) = postSolution
<<<<<<< HEAD
		{B6989D12-9A35-4AD7-81D6-924906316776}.Debug|Any CPU.ActiveCfg = Debug|Any CPU
		{B6989D12-9A35-4AD7-81D6-924906316776}.Debug|Any CPU.Build.0 = Debug|Any CPU
		{B6989D12-9A35-4AD7-81D6-924906316776}.ExportDebug|Any CPU.ActiveCfg = ExportDebug|Any CPU
		{B6989D12-9A35-4AD7-81D6-924906316776}.ExportDebug|Any CPU.Build.0 = ExportDebug|Any CPU
		{B6989D12-9A35-4AD7-81D6-924906316776}.ExportRelease|Any CPU.ActiveCfg = ExportRelease|Any CPU
		{B6989D12-9A35-4AD7-81D6-924906316776}.ExportRelease|Any CPU.Build.0 = ExportRelease|Any CPU
=======
		{A84ACDF2-B5FA-46CA-AF52-196001DDE760}.Debug|Any CPU.ActiveCfg = Debug|Any CPU
		{A84ACDF2-B5FA-46CA-AF52-196001DDE760}.Debug|Any CPU.Build.0 = Debug|Any CPU
		{A84ACDF2-B5FA-46CA-AF52-196001DDE760}.ExportDebug|Any CPU.ActiveCfg = ExportDebug|Any CPU
		{A84ACDF2-B5FA-46CA-AF52-196001DDE760}.ExportDebug|Any CPU.Build.0 = ExportDebug|Any CPU
		{A84ACDF2-B5FA-46CA-AF52-196001DDE760}.ExportRelease|Any CPU.ActiveCfg = ExportRelease|Any CPU
		{A84ACDF2-B5FA-46CA-AF52-196001DDE760}.ExportRelease|Any CPU.Build.0 = ExportRelease|Any CPU
>>>>>>> acb5a5e7049c742979fc5a9a9a5997f82959c749
	EndGlobalSection
EndGlobal
